# @generated - this file is auto-generated by `mise lock` https://mise.en.dev/dev-tools/mise-lock.html

[[tools."aqua:nushell/nushell"]]
version = "0.114.1"
backend = "aqua:nushell/nushell"

[tools."aqua:nushell/nushell"."platforms.linux-arm64"]
checksum = "sha256:39944812ee619736fd50828e66c96b91747c1e189ccddac89c3ac1a02e0614f2"
url = "https://github.com/nushell/nushell/releases/download/0.114.1/nu-0.114.1-aarch64-unknown-linux-gnu.tar.gz"
url_api = "https://api.github.com/repos/nushell/nushell/releases/assets/473626043"

[tools."aqua:nushell/nushell"."platforms.linux-arm64-musl"]
checksum = "sha256:4f9e880e7bbf8ee58f3860ef49f453eb2628965b6f2c880fb03d4775f290b536"
url = "https://github.com/nushell/nushell/releases/download/0.114.1/nu-0.114.1-aarch64-unknown-linux-musl.tar.gz"
url_api = "https://api.github.com/repos/nushell/nushell/releases/assets/473626782"

[tools."aqua:nushell/nushell"."platforms.linux-x64"]
checksum = "sha256:ce3a1c5a07c784098b5675224a165e73a45f0f720a8392791d7c3a5b4720255e"
url = "https://github.com/nushell/nushell/releases/download/0.114.1/nu-0.114.1-x86_64-unknown-linux-musl.tar.gz"
url_api = "https://api.github.com/repos/nushell/nushell/releases/assets/473625296"

[tools."aqua:nushell/nushell"."platforms.linux-x64-baseline"]
checksum = "sha256:ce3a1c5a07c784098b5675224a165e73a45f0f720a8392791d7c3a5b4720255e"
url = "https://github.com/nushell/nushell/releases/download/0.114.1/nu-0.114.1-x86_64-unknown-linux-musl.tar.gz"
url_api = "https://api.github.com/repos/nushell/nushell/releases/assets/473625296"

[tools."aqua:nushell/nushell"."platforms.linux-x64-musl"]
checksum = "sha256:ce3a1c5a07c784098b5675224a165e73a45f0f720a8392791d7c3a5b4720255e"
url = "https://github.com/nushell/nushell/releases/download/0.114.1/nu-0.114.1-x86_64-unknown-linux-musl.tar.gz"
url_api = "https://api.github.com/repos/nushell/nushell/releases/assets/473625296"

[tools."aqua:nushell/nushell"."platforms.linux-x64-musl-baseline"]
checksum = "sha256:ce3a1c5a07c784098b5675224a165e73a45f0f720a8392791d7c3a5b4720255e"
url = "https://github.com/nushell/nushell/releases/download/0.114.1/nu-0.114.1-x86_64-unknown-linux-musl.tar.gz"
url_api = "https://api.github.com/repos/nushell/nushell/releases/assets/473625296"

[tools."aqua:nushell/nushell"."platforms.macos-arm64"]
checksum = "sha256:cb0ac9b97b985cd217a952f44438a14d2df2a95504d9bd8bc01ec73e1351b179"
url = "https://github.com/nushell/nushell/releases/download/0.114.1/nu-0.114.1-aarch64-apple-darwin.tar.gz"
url_api = "https://api.github.com/repos/nushell/nushell/releases/assets/473629724"

[tools."aqua:nushell/nushell"."platforms.macos-x64"]
checksum = "sha256:4659a78545b7f6a303e661fe3bd276a765c64ccde67112d32045be5fe075f206"
url = "https://github.com/nushell/nushell/releases/download/0.114.1/nu-0.114.1-x86_64-apple-darwin.tar.gz"
url_api = "https://api.github.com/repos/nushell/nushell/releases/assets/473624186"

[tools."aqua:nushell/nushell"."platforms.macos-x64-baseline"]
checksum = "sha256:4659a78545b7f6a303e661fe3bd276a765c64ccde67112d32045be5fe075f206"
url = "https://github.com/nushell/nushell/releases/download/0.114.1/nu-0.114.1-x86_64-apple-darwin.tar.gz"
url_api = "https://api.github.com/repos/nushell/nushell/releases/assets/473624186"

[tools."aqua:nushell/nushell"."platforms.windows-x64"]
checksum = "sha256:71a88cb74f51a9fdd91003273fb1f3361d7b393fb3a03014f43e5f111df9666f"
url = "https://github.com/nushell/nushell/releases/download/0.114.1/nu-0.114.1-x86_64-pc-windows-msvc.zip"
url_api = "https://api.github.com/repos/nushell/nushell/releases/assets/473630966"

[tools."aqua:nushell/nushell"."platforms.windows-x64-baseline"]
checksum = "sha256:71a88cb74f51a9fdd91003273fb1f3361d7b393fb3a03014f43e5f111df9666f"
url = "https://github.com/nushell/nushell/releases/download/0.114.1/nu-0.114.1-x86_64-pc-windows-msvc.zip"
url_api = "https://api.github.com/repos/nushell/nushell/releases/assets/473630966"

[[tools.chezmoi]]
version = "2.72.0"
backend = "aqua:twpayne/chezmoi"

[tools.chezmoi."platforms.linux-arm64"]
checksum = "sha256:e79a27621256390f03166d3965e6a1946f983a096c4d90f02c43d2aa5b563728"
url = "https://github.com/twpayne/chezmoi/releases/download/v2.72.0/chezmoi_2.72.0_linux_arm64.tar.gz"
url_api = "https://api.github.com/repos/twpayne/chezmoi/releases/assets/499173963"
provenance = "cosign"

[tools.chezmoi."platforms.linux-arm64-musl"]
checksum = "sha256:e79a27621256390f03166d3965e6a1946f983a096c4d90f02c43d2aa5b563728"
url = "https://github.com/twpayne/chezmoi/releases/download/v2.72.0/chezmoi_2.72.0_linux_arm64.tar.gz"
url_api = "https://api.github.com/repos/twpayne/chezmoi/releases/assets/499173963"
provenance = "cosign"

[tools.chezmoi."platforms.linux-x64"]
checksum = "sha256:0d6665b96c527d57fdc562bf19e808f80f48c2d977062c03e3e65c6b09eafbce"
url = "https://github.com/twpayne/chezmoi/releases/download/v2.72.0/chezmoi_2.72.0_linux_amd64.tar.gz"
url_api = "https://api.github.com/repos/twpayne/chezmoi/releases/assets/499173854"
provenance = "cosign"

[tools.chezmoi."platforms.linux-x64-baseline"]
checksum = "sha256:0d6665b96c527d57fdc562bf19e808f80f48c2d977062c03e3e65c6b09eafbce"
url = "https://github.com/twpayne/chezmoi/releases/download/v2.72.0/chezmoi_2.72.0_linux_amd64.tar.gz"
url_api = "https://api.github.com/repos/twpayne/chezmoi/releases/assets/499173854"
provenance = "cosign"

[tools.chezmoi."platforms.linux-x64-musl"]
checksum = "sha256:2d3aec5d1bf62d6c9f610ac456be4aae446f1b31cdd4f92ae8f4f4d2ba0f4f02"
url = "https://github.com/twpayne/chezmoi/releases/download/v2.72.0/chezmoi_2.72.0_linux-musl_amd64.tar.gz"
url_api = "https://api.github.com/repos/twpayne/chezmoi/releases/assets/499174017"
provenance = "cosign"

[tools.chezmoi."platforms.linux-x64-musl-baseline"]
checksum = "sha256:2d3aec5d1bf62d6c9f610ac456be4aae446f1b31cdd4f92ae8f4f4d2ba0f4f02"
url = "https://github.com/twpayne/chezmoi/releases/download/v2.72.0/chezmoi_2.72.0_linux-musl_amd64.tar.gz"
url_api = "https://api.github.com/repos/twpayne/chezmoi/releases/assets/499174017"
provenance = "cosign"

[tools.chezmoi."platforms.macos-arm64"]
checksum = "sha256:53e576042afba703290bbc320e64d0b6bdf1082a8fb9f0d13b97e68a6e6c059f"
url = "https://github.com/twpayne/chezmoi/releases/download/v2.72.0/chezmoi_2.72.0_darwin_arm64.tar.gz"
url_api = "https://api.github.com/repos/twpayne/chezmoi/releases/assets/499173948"
provenance = "cosign"

[tools.chezmoi."platforms.macos-x64"]
checksum = "sha256:41be255eacf46b1b333591b4ddc7e90e2aa98ccb8dce47609b8284b856841652"
url = "https://github.com/twpayne/chezmoi/releases/download/v2.72.0/chezmoi_2.72.0_darwin_amd64.tar.gz"
url_api = "https://api.github.com/repos/twpayne/chezmoi/releases/assets/499173934"
provenance = "cosign"

[tools.chezmoi."platforms.macos-x64-baseline"]
checksum = "sha256:41be255eacf46b1b333591b4ddc7e90e2aa98ccb8dce47609b8284b856841652"
url = "https://github.com/twpayne/chezmoi/releases/download/v2.72.0/chezmoi_2.72.0_darwin_amd64.tar.gz"
url_api = "https://api.github.com/repos/twpayne/chezmoi/releases/assets/499173934"
provenance = "cosign"

[tools.chezmoi."platforms.windows-x64"]
checksum = "sha256:b01b6d449db1e4ca62694482d53ab8395c891cade237c404defc1701ebd2bf66"
url = "https://github.com/twpayne/chezmoi/releases/download/v2.72.0/chezmoi_2.72.0_windows_amd64.zip"
url_api = "https://api.github.com/repos/twpayne/chezmoi/releases/assets/499173933"
provenance = "cosign"

[tools.chezmoi."platforms.windows-x64-baseline"]
checksum = "sha256:b01b6d449db1e4ca62694482d53ab8395c891cade237c404defc1701ebd2bf66"
url = "https://github.com/twpayne/chezmoi/releases/download/v2.72.0/chezmoi_2.72.0_windows_amd64.zip"
url_api = "https://api.github.com/repos/twpayne/chezmoi/releases/assets/499173933"
provenance = "cosign"

[[tools.fd]]
version = "10.4.2"
backend = "aqua:sharkdp/fd"

[tools.fd."platforms.linux-arm64"]
checksum = "sha256:f32d3657473fba74e2600babc8db0b93420d51169223b7e8143b2ed55d8fd9e8"
url = "https://github.com/sharkdp/fd/releases/download/v10.4.2/fd-v10.4.2-aarch64-unknown-linux-musl.tar.gz"
url_api = "https://api.github.com/repos/sharkdp/fd/releases/assets/370662859"

[tools.fd."platforms.linux-arm64-musl"]
checksum = "sha256:f32d3657473fba74e2600babc8db0b93420d51169223b7e8143b2ed55d8fd9e8"
url = "https://github.com/sharkdp/fd/releases/download/v10.4.2/fd-v10.4.2-aarch64-unknown-linux-musl.tar.gz"
url_api = "https://api.github.com/repos/sharkdp/fd/releases/assets/370662859"

[tools.fd."platforms.linux-x64"]
checksum = "sha256:e3257d48e29a6be965187dbd24ce9af564e0fe67b3e73c9bdcd180f4ec11bdde"
url = "https://github.com/sharkdp/fd/releases/download/v10.4.2/fd-v10.4.2-x86_64-unknown-linux-musl.tar.gz"
url_api = "https://api.github.com/repos/sharkdp/fd/releases/assets/370662855"

[tools.fd."platforms.linux-x64-baseline"]
checksum = "sha256:e3257d48e29a6be965187dbd24ce9af564e0fe67b3e73c9bdcd180f4ec11bdde"
url = "https://github.com/sharkdp/fd/releases/download/v10.4.2/fd-v10.4.2-x86_64-unknown-linux-musl.tar.gz"
url_api = "https://api.github.com/repos/sharkdp/fd/releases/assets/370662855"

[tools.fd."platforms.linux-x64-musl"]
checksum = "sha256:e3257d48e29a6be965187dbd24ce9af564e0fe67b3e73c9bdcd180f4ec11bdde"
url = "https://github.com/sharkdp/fd/releases/download/v10.4.2/fd-v10.4.2-x86_64-unknown-linux-musl.tar.gz"
url_api = "https://api.github.com/repos/sharkdp/fd/releases/assets/370662855"

[tools.fd."platforms.linux-x64-musl-baseline"]
checksum = "sha256:e3257d48e29a6be965187dbd24ce9af564e0fe67b3e73c9bdcd180f4ec11bdde"
url = "https://github.com/sharkdp/fd/releases/download/v10.4.2/fd-v10.4.2-x86_64-unknown-linux-musl.tar.gz"
url_api = "https://api.github.com/repos/sharkdp/fd/releases/assets/370662855"

[tools.fd."platforms.macos-arm64"]
checksum = "sha256:623dc0afc81b92e4d4606b380d7bc91916ba7b97814263e554d50923a39e480a"
url = "https://github.com/sharkdp/fd/releases/download/v10.4.2/fd-v10.4.2-aarch64-apple-darwin.tar.gz"
url_api = "https://api.github.com/repos/sharkdp/fd/releases/assets/370661116"

[tools.fd."platforms.windows-x64"]
checksum = "sha256:b2816e506390a89941c63c9187d58a3cc10e9a55f2ef0685f9ea0eccaf7c98c8"
url = "https://github.com/sharkdp/fd/releases/download/v10.4.2/fd-v10.4.2-x86_64-pc-windows-msvc.zip"
url_api = "https://api.github.com/repos/sharkdp/fd/releases/assets/370661516"

[tools.fd."platforms.windows-x64-baseline"]
checksum = "sha256:b2816e506390a89941c63c9187d58a3cc10e9a55f2ef0685f9ea0eccaf7c98c8"
url = "https://github.com/sharkdp/fd/releases/download/v10.4.2/fd-v10.4.2-x86_64-pc-windows-msvc.zip"
url_api = "https://api.github.com/repos/sharkdp/fd/releases/assets/370661516"

[[tools."github:Tatsu-syo/noMeiryoUI"]]
version = "3.4.2"
backend = "github:Tatsu-syo/noMeiryoUI"

[tools."github:Tatsu-syo/noMeiryoUI".options]
asset_pattern = "noMeiryoUI*.zip"
version_prefix = "TAG-"

[tools."github:Tatsu-syo/noMeiryoUI"."platforms.linux-arm64"]
checksum = "sha256:f241fcd17f7ba59e2ac7f36e42fd59302a098f7b7c253ec01b353c42d5631b87"
url = "https://github.com/Tatsu-syo/noMeiryoUI/releases/download/TAG-3.4.2/noMeiryoUI3.4.2.zip"
url_api = "https://api.github.com/repos/Tatsu-syo/noMeiryoUI/releases/assets/360135154"

[tools."github:Tatsu-syo/noMeiryoUI"."platforms.linux-arm64-musl"]
checksum = "sha256:f241fcd17f7ba59e2ac7f36e42fd59302a098f7b7c253ec01b353c42d5631b87"
url = "https://github.com/Tatsu-syo/noMeiryoUI/releases/download/TAG-3.4.2/noMeiryoUI3.4.2.zip"
url_api = "https://api.github.com/repos/Tatsu-syo/noMeiryoUI/releases/assets/360135154"

[tools."github:Tatsu-syo/noMeiryoUI"."platforms.linux-x64"]
checksum = "sha256:f241fcd17f7ba59e2ac7f36e42fd59302a098f7b7c253ec01b353c42d5631b87"
url = "https://github.com/Tatsu-syo/noMeiryoUI/releases/download/TAG-3.4.2/noMeiryoUI3.4.2.zip"
url_api = "https://api.github.com/repos/Tatsu-syo/noMeiryoUI/releases/assets/360135154"

[tools."github:Tatsu-syo/noMeiryoUI"."platforms.linux-x64-baseline"]
checksum = "sha256:f241fcd17f7ba59e2ac7f36e42fd59302a098f7b7c253ec01b353c42d5631b87"
url = "https://github.com/Tatsu-syo/noMeiryoUI/releases/download/TAG-3.4.2/noMeiryoUI3.4.2.zip"
url_api = "https://api.github.com/repos/Tatsu-syo/noMeiryoUI/releases/assets/360135154"

[tools."github:Tatsu-syo/noMeiryoUI"."platforms.linux-x64-musl"]
checksum = "sha256:f241fcd17f7ba59e2ac7f36e42fd59302a098f7b7c253ec01b353c42d5631b87"
url = "https://github.com/Tatsu-syo/noMeiryoUI/releases/download/TAG-3.4.2/noMeiryoUI3.4.2.zip"
url_api = "https://api.github.com/repos/Tatsu-syo/noMeiryoUI/releases/assets/360135154"

[tools."github:Tatsu-syo/noMeiryoUI"."platforms.linux-x64-musl-baseline"]
checksum = "sha256:f241fcd17f7ba59e2ac7f36e42fd59302a098f7b7c253ec01b353c42d5631b87"
url = "https://github.com/Tatsu-syo/noMeiryoUI/releases/download/TAG-3.4.2/noMeiryoUI3.4.2.zip"
url_api = "https://api.github.com/repos/Tatsu-syo/noMeiryoUI/releases/assets/360135154"

[tools."github:Tatsu-syo/noMeiryoUI"."platforms.macos-arm64"]
checksum = "sha256:f241fcd17f7ba59e2ac7f36e42fd59302a098f7b7c253ec01b353c42d5631b87"
url = "https://github.com/Tatsu-syo/noMeiryoUI/releases/download/TAG-3.4.2/noMeiryoUI3.4.2.zip"
url_api = "https://api.github.com/repos/Tatsu-syo/noMeiryoUI/releases/assets/360135154"

[tools."github:Tatsu-syo/noMeiryoUI"."platforms.macos-x64"]
checksum = "sha256:f241fcd17f7ba59e2ac7f36e42fd59302a098f7b7c253ec01b353c42d5631b87"
url = "https://github.com/Tatsu-syo/noMeiryoUI/releases/download/TAG-3.4.2/noMeiryoUI3.4.2.zip"
url_api = "https://api.github.com/repos/Tatsu-syo/noMeiryoUI/releases/assets/360135154"

[tools."github:Tatsu-syo/noMeiryoUI"."platforms.macos-x64-baseline"]
checksum = "sha256:f241fcd17f7ba59e2ac7f36e42fd59302a098f7b7c253ec01b353c42d5631b87"
url = "https://github.com/Tatsu-syo/noMeiryoUI/releases/download/TAG-3.4.2/noMeiryoUI3.4.2.zip"
url_api = "https://api.github.com/repos/Tatsu-syo/noMeiryoUI/releases/assets/360135154"

[tools."github:Tatsu-syo/noMeiryoUI"."platforms.windows-x64"]
checksum = "sha256:f241fcd17f7ba59e2ac7f36e42fd59302a098f7b7c253ec01b353c42d5631b87"
url = "https://github.com/Tatsu-syo/noMeiryoUI/releases/download/TAG-3.4.2/noMeiryoUI3.4.2.zip"
url_api = "https://api.github.com/repos/Tatsu-syo/noMeiryoUI/releases/assets/360135154"

[tools."github:Tatsu-syo/noMeiryoUI"."platforms.windows-x64-baseline"]
checksum = "sha256:f241fcd17f7ba59e2ac7f36e42fd59302a098f7b7c253ec01b353c42d5631b87"
url = "https://github.com/Tatsu-syo/noMeiryoUI/releases/download/TAG-3.4.2/noMeiryoUI3.4.2.zip"
url_api = "https://api.github.com/repos/Tatsu-syo/noMeiryoUI/releases/assets/360135154"

[[tools.hyperfine]]
version = "1.20.0"
backend = "aqua:sharkdp/hyperfine"

[tools.hyperfine."platforms.linux-arm64"]
checksum = "sha256:90875cb1db7a1d797c311174d061728361e58fc70e3b62262a00635ac3b1997c"
url = "https://github.com/sharkdp/hyperfine/releases/download/v1.20.0/hyperfine-v1.20.0-aarch64-unknown-linux-gnu.tar.gz"
url_api = "https://api.github.com/repos/sharkdp/hyperfine/releases/assets/317832112"

[tools.hyperfine."platforms.linux-x64"]
checksum = "sha256:3285ec7959285288137043dd81dce0dde056227018a8277532d9a364b4f03c2b"
url = "https://github.com/sharkdp/hyperfine/releases/download/v1.20.0/hyperfine-v1.20.0-x86_64-unknown-linux-musl.tar.gz"
url_api = "https://api.github.com/repos/sharkdp/hyperfine/releases/assets/317832008"

[tools.hyperfine."platforms.linux-x64-baseline"]
checksum = "sha256:3285ec7959285288137043dd81dce0dde056227018a8277532d9a364b4f03c2b"
url = "https://github.com/sharkdp/hyperfine/releases/download/v1.20.0/hyperfine-v1.20.0-x86_64-unknown-linux-musl.tar.gz"
url_api = "https://api.github.com/repos/sharkdp/hyperfine/releases/assets/317832008"

[tools.hyperfine."platforms.linux-x64-musl"]
checksum = "sha256:3285ec7959285288137043dd81dce0dde056227018a8277532d9a364b4f03c2b"
url = "https://github.com/sharkdp/hyperfine/releases/download/v1.20.0/hyperfine-v1.20.0-x86_64-unknown-linux-musl.tar.gz"
url_api = "https://api.github.com/repos/sharkdp/hyperfine/releases/assets/317832008"

[tools.hyperfine."platforms.linux-x64-musl-baseline"]
checksum = "sha256:3285ec7959285288137043dd81dce0dde056227018a8277532d9a364b4f03c2b"
url = "https://github.com/sharkdp/hyperfine/releases/download/v1.20.0/hyperfine-v1.20.0-x86_64-unknown-linux-musl.tar.gz"
url_api = "https://api.github.com/repos/sharkdp/hyperfine/releases/assets/317832008"

[tools.hyperfine."platforms.macos-arm64"]
checksum = "sha256:f58d0b90993fadfa122a351428c469ce24afef3865f027f0e6e86f0830d088f1"
url = "https://github.com/sharkdp/hyperfine/releases/download/v1.20.0/hyperfine-v1.20.0-x86_64-apple-darwin.tar.gz"
url_api = "https://api.github.com/repos/sharkdp/hyperfine/releases/assets/317832526"

[tools.hyperfine."platforms.macos-x64"]
checksum = "sha256:f58d0b90993fadfa122a351428c469ce24afef3865f027f0e6e86f0830d088f1"
url = "https://github.com/sharkdp/hyperfine/releases/download/v1.20.0/hyperfine-v1.20.0-x86_64-apple-darwin.tar.gz"
url_api = "https://api.github.com/repos/sharkdp/hyperfine/releases/assets/317832526"

[tools.hyperfine."platforms.macos-x64-baseline"]
checksum = "sha256:f58d0b90993fadfa122a351428c469ce24afef3865f027f0e6e86f0830d088f1"
url = "https://github.com/sharkdp/hyperfine/releases/download/v1.20.0/hyperfine-v1.20.0-x86_64-apple-darwin.tar.gz"
url_api = "https://api.github.com/repos/sharkdp/hyperfine/releases/assets/317832526"

[tools.hyperfine."platforms.windows-x64"]
checksum = "sha256:2508c549b049b1d4342d08edc1cb42bfac169082b6e3069431b5bab9822dbb32"
url = "https://github.com/sharkdp/hyperfine/releases/download/v1.20.0/hyperfine-v1.20.0-x86_64-pc-windows-msvc.zip"
url_api = "https://api.github.com/repos/sharkdp/hyperfine/releases/assets/317832313"

[tools.hyperfine."platforms.windows-x64-baseline"]
checksum = "sha256:2508c549b049b1d4342d08edc1cb42bfac169082b6e3069431b5bab9822dbb32"
url = "https://github.com/sharkdp/hyperfine/releases/download/v1.20.0/hyperfine-v1.20.0-x86_64-pc-windows-msvc.zip"
url_api = "https://api.github.com/repos/sharkdp/hyperfine/releases/assets/317832313"

[[tools.lazygit]]
version = "0.64.0"
backend = "aqua:jesseduffield/lazygit"

[tools.lazygit."platforms.linux-arm64"]
checksum = "sha256:d286487eb18b2b82fccfd0f1c55d8445e6eb82c08ced3b9eb3e5be0e7c627fd0"
url = "https://github.com/jesseduffield/lazygit/releases/download/v0.64.0/lazygit_0.64.0_linux_arm64.tar.gz"
url_api = "https://api.github.com/repos/jesseduffield/lazygit/releases/assets/501040497"

[tools.lazygit."platforms.linux-arm64-musl"]
checksum = "sha256:d286487eb18b2b82fccfd0f1c55d8445e6eb82c08ced3b9eb3e5be0e7c627fd0"
url = "https://github.com/jesseduffield/lazygit/releases/download/v0.64.0/lazygit_0.64.0_linux_arm64.tar.gz"
url_api = "https://api.github.com/repos/jesseduffield/lazygit/releases/assets/501040497"

[tools.lazygit."platforms.linux-x64"]
checksum = "sha256:7996236f2c1dd2643d96c3d67a1f7fcd2560bf08bcb7f6be073e26fb29167ac6"
url = "https://github.com/jesseduffield/lazygit/releases/download/v0.64.0/lazygit_0.64.0_linux_x86_64.tar.gz"
url_api = "https://api.github.com/repos/jesseduffield/lazygit/releases/assets/501040496"

[tools.lazygit."platforms.linux-x64-baseline"]
checksum = "sha256:7996236f2c1dd2643d96c3d67a1f7fcd2560bf08bcb7f6be073e26fb29167ac6"
url = "https://github.com/jesseduffield/lazygit/releases/download/v0.64.0/lazygit_0.64.0_linux_x86_64.tar.gz"
url_api = "https://api.github.com/repos/jesseduffield/lazygit/releases/assets/501040496"

[tools.lazygit."platforms.linux-x64-musl"]
checksum = "sha256:7996236f2c1dd2643d96c3d67a1f7fcd2560bf08bcb7f6be073e26fb29167ac6"
url = "https://github.com/jesseduffield/lazygit/releases/download/v0.64.0/lazygit_0.64.0_linux_x86_64.tar.gz"
url_api = "https://api.github.com/repos/jesseduffield/lazygit/releases/assets/501040496"

[tools.lazygit."platforms.linux-x64-musl-baseline"]
checksum = "sha256:7996236f2c1dd2643d96c3d67a1f7fcd2560bf08bcb7f6be073e26fb29167ac6"
url = "https://github.com/jesseduffield/lazygit/releases/download/v0.64.0/lazygit_0.64.0_linux_x86_64.tar.gz"
url_api = "https://api.github.com/repos/jesseduffield/lazygit/releases/assets/501040496"

[tools.lazygit."platforms.macos-arm64"]
checksum = "sha256:df8d2dd27cdc1075785f1abb85b74fe393fcdc1f3fdf6cb2b587feb3ce72ba33"
url = "https://github.com/jesseduffield/lazygit/releases/download/v0.64.0/lazygit_0.64.0_darwin_arm64.tar.gz"
url_api = "https://api.github.com/repos/jesseduffield/lazygit/releases/assets/501040495"

[tools.lazygit."platforms.macos-x64"]
checksum = "sha256:164d003f2eaa73e898d218882ec1eb9af517d3f3a351dff736390fc649e1b838"
url = "https://github.com/jesseduffield/lazygit/releases/download/v0.64.0/lazygit_0.64.0_darwin_x86_64.tar.gz"
url_api = "https://api.github.com/repos/jesseduffield/lazygit/releases/assets/501040515"

[tools.lazygit."platforms.macos-x64-baseline"]
checksum = "sha256:164d003f2eaa73e898d218882ec1eb9af517d3f3a351dff736390fc649e1b838"
url = "https://github.com/jesseduffield/lazygit/releases/download/v0.64.0/lazygit_0.64.0_darwin_x86_64.tar.gz"
url_api = "https://api.github.com/repos/jesseduffield/lazygit/releases/assets/501040515"

[tools.lazygit."platforms.windows-x64"]
checksum = "sha256:d8b723dd25e098c4a229e7d9a87ff1c3a5779902ebea242b8678f4ac195c1d90"
url = "https://github.com/jesseduffield/lazygit/releases/download/v0.64.0/lazygit_0.64.0_windows_x86_64.zip"
url_api = "https://api.github.com/repos/jesseduffield/lazygit/releases/assets/501040510"

[tools.lazygit."platforms.windows-x64-baseline"]
checksum = "sha256:d8b723dd25e098c4a229e7d9a87ff1c3a5779902ebea242b8678f4ac195c1d90"
url = "https://github.com/jesseduffield/lazygit/releases/download/v0.64.0/lazygit_0.64.0_windows_x86_64.zip"
url_api = "https://api.github.com/repos/jesseduffield/lazygit/releases/assets/501040510"

[[tools.ripgrep]]
version = "15.2.0"
backend = "aqua:BurntSushi/ripgrep"

[tools.ripgrep."platforms.linux-arm64"]
checksum = "sha256:a740b91c82eaf9914cfedd353572f2791cbe0162c84101ee0951058f4dcbc90d"
url = "https://github.com/BurntSushi/ripgrep/releases/download/15.2.0/ripgrep-15.2.0-aarch64-unknown-linux-gnu.tar.gz"
url_api = "https://api.github.com/repos/BurntSushi/ripgrep/releases/assets/478119579"

[tools.ripgrep."platforms.linux-arm64-musl"]
checksum = "sha256:800b1e7206afe799dfb5a6901f23147cfaabe0e52210538100f61e86e1740915"
url = "https://github.com/BurntSushi/ripgrep/releases/download/15.2.0/ripgrep-15.2.0-aarch64-unknown-linux-musl.tar.gz"
url_api = "https://api.github.com/repos/BurntSushi/ripgrep/releases/assets/478120060"

[tools.ripgrep."platforms.linux-x64"]
checksum = "sha256:33e15bcf1624b25cdd2a55813a47a2f95dbe126268203e76aa6a585d1e7b149c"
url = "https://github.com/BurntSushi/ripgrep/releases/download/15.2.0/ripgrep-15.2.0-x86_64-unknown-linux-musl.tar.gz"
url_api = "https://api.github.com/repos/BurntSushi/ripgrep/releases/assets/478120097"

[tools.ripgrep."platforms.linux-x64-baseline"]
checksum = "sha256:33e15bcf1624b25cdd2a55813a47a2f95dbe126268203e76aa6a585d1e7b149c"
url = "https://github.com/BurntSushi/ripgrep/releases/download/15.2.0/ripgrep-15.2.0-x86_64-unknown-linux-musl.tar.gz"
url_api = "https://api.github.com/repos/BurntSushi/ripgrep/releases/assets/478120097"

[tools.ripgrep."platforms.linux-x64-musl"]
checksum = "sha256:33e15bcf1624b25cdd2a55813a47a2f95dbe126268203e76aa6a585d1e7b149c"
url = "https://github.com/BurntSushi/ripgrep/releases/download/15.2.0/ripgrep-15.2.0-x86_64-unknown-linux-musl.tar.gz"
url_api = "https://api.github.com/repos/BurntSushi/ripgrep/releases/assets/478120097"

[tools.ripgrep."platforms.linux-x64-musl-baseline"]
checksum = "sha256:33e15bcf1624b25cdd2a55813a47a2f95dbe126268203e76aa6a585d1e7b149c"
url = "https://github.com/BurntSushi/ripgrep/releases/download/15.2.0/ripgrep-15.2.0-x86_64-unknown-linux-musl.tar.gz"
url_api = "https://api.github.com/repos/BurntSushi/ripgrep/releases/assets/478120097"

[tools.ripgrep."platforms.macos-arm64"]
checksum = "sha256:3750b2e93f37e0c692657da574d7019a101c0084da05a790c83fd335bad973e4"
url = "https://github.com/BurntSushi/ripgrep/releases/download/15.2.0/ripgrep-15.2.0-aarch64-apple-darwin.tar.gz"
url_api = "https://api.github.com/repos/BurntSushi/ripgrep/releases/assets/478118851"

[tools.ripgrep."platforms.macos-x64"]
checksum = "sha256:af7825fcc69a2afc7a7aea55fc9af90e26421d8f20fe59df32e233c0b8a231c1"
url = "https://github.com/BurntSushi/ripgrep/releases/download/15.2.0/ripgrep-15.2.0-x86_64-apple-darwin.tar.gz"
url_api = "https://api.github.com/repos/BurntSushi/ripgrep/releases/assets/478119585"

[tools.ripgrep."platforms.macos-x64-baseline"]
checksum = "sha256:af7825fcc69a2afc7a7aea55fc9af90e26421d8f20fe59df32e233c0b8a231c1"
url = "https://github.com/BurntSushi/ripgrep/releases/download/15.2.0/ripgrep-15.2.0-x86_64-apple-darwin.tar.gz"
url_api = "https://api.github.com/repos/BurntSushi/ripgrep/releases/assets/478119585"

[tools.ripgrep."platforms.windows-x64"]
checksum = "sha256:71b2fef860abe467217a538ff31de02f5258807c0129f771846f87bd029aafc5"
url = "https://github.com/BurntSushi/ripgrep/releases/download/15.2.0/ripgrep-15.2.0-x86_64-pc-windows-msvc.zip"
url_api = "https://api.github.com/repos/BurntSushi/ripgrep/releases/assets/478119643"

[tools.ripgrep."platforms.windows-x64-baseline"]
checksum = "sha256:71b2fef860abe467217a538ff31de02f5258807c0129f771846f87bd029aafc5"
url = "https://github.com/BurntSushi/ripgrep/releases/download/15.2.0/ripgrep-15.2.0-x86_64-pc-windows-msvc.zip"
url_api = "https://api.github.com/repos/BurntSushi/ripgrep/releases/assets/478119643"

[[tools.starship]]
version = "1.26.0"
backend = "aqua:starship/starship"

[tools.starship."platforms.linux-arm64"]
checksum = "sha256:dc30189378d2f2e287384e8a692d3f95ad1df64cf0e8c36aa9201516028aed6b"
url = "https://github.com/starship/starship/releases/download/v1.26.0/starship-aarch64-unknown-linux-musl.tar.gz"
url_api = "https://api.github.com/repos/starship/starship/releases/assets/460374586"

[tools.starship."platforms.linux-arm64-musl"]
checksum = "sha256:dc30189378d2f2e287384e8a692d3f95ad1df64cf0e8c36aa9201516028aed6b"
url = "https://github.com/starship/starship/releases/download/v1.26.0/starship-aarch64-unknown-linux-musl.tar.gz"
url_api = "https://api.github.com/repos/starship/starship/releases/assets/460374586"

[tools.starship."platforms.linux-x64"]
checksum = "sha256:b7c232b0e8249d8e55a40beb79c5c43a7d370f3f9408bd215deb0170daeaadf3"
url = "https://github.com/starship/starship/releases/download/v1.26.0/starship-x86_64-unknown-linux-musl.tar.gz"
url_api = "https://api.github.com/repos/starship/starship/releases/assets/460374630"

[tools.starship."platforms.linux-x64-baseline"]
checksum = "sha256:b7c232b0e8249d8e55a40beb79c5c43a7d370f3f9408bd215deb0170daeaadf3"
url = "https://github.com/starship/starship/releases/download/v1.26.0/starship-x86_64-unknown-linux-musl.tar.gz"
url_api = "https://api.github.com/repos/starship/starship/releases/assets/460374630"

[tools.starship."platforms.linux-x64-musl"]
checksum = "sha256:b7c232b0e8249d8e55a40beb79c5c43a7d370f3f9408bd215deb0170daeaadf3"
url = "https://github.com/starship/starship/releases/download/v1.26.0/starship-x86_64-unknown-linux-musl.tar.gz"
url_api = "https://api.github.com/repos/starship/starship/releases/assets/460374630"

[tools.starship."platforms.linux-x64-musl-baseline"]
checksum = "sha256:b7c232b0e8249d8e55a40beb79c5c43a7d370f3f9408bd215deb0170daeaadf3"
url = "https://github.com/starship/starship/releases/download/v1.26.0/starship-x86_64-unknown-linux-musl.tar.gz"
url_api = "https://api.github.com/repos/starship/starship/releases/assets/460374630"

[tools.starship."platforms.macos-arm64"]
checksum = "sha256:c40b27b11f580411e068f2fa6c1be7830a387c0bc47a94d1d37f32b054c5361d"
url = "https://github.com/starship/starship/releases/download/v1.26.0/starship-aarch64-apple-darwin.tar.gz"
url_api = "https://api.github.com/repos/starship/starship/releases/assets/460374577"

[tools.starship."platforms.macos-x64"]
checksum = "sha256:5548f406a4b6f5695903bdea83f77ce47ec12c8c0e62dabd33122d8f133e4207"
url = "https://github.com/starship/starship/releases/download/v1.26.0/starship-x86_64-apple-darwin.tar.gz"
url_api = "https://api.github.com/repos/starship/starship/releases/assets/460374608"

[tools.starship."platforms.macos-x64-baseline"]
checksum = "sha256:5548f406a4b6f5695903bdea83f77ce47ec12c8c0e62dabd33122d8f133e4207"
url = "https://github.com/starship/starship/releases/download/v1.26.0/starship-x86_64-apple-darwin.tar.gz"
url_api = "https://api.github.com/repos/starship/starship/releases/assets/460374608"

[tools.starship."platforms.windows-x64"]
checksum = "sha256:690021e22f2bf2c57d5867dc0fababe5e55e714c26942bd909ffddb6c5df42f2"
url = "https://github.com/starship/starship/releases/download/v1.26.0/starship-x86_64-pc-windows-msvc.zip"
url_api = "https://api.github.com/repos/starship/starship/releases/assets/460374615"

[tools.starship."platforms.windows-x64-baseline"]
checksum = "sha256:690021e22f2bf2c57d5867dc0fababe5e55e714c26942bd909ffddb6c5df42f2"
url = "https://github.com/starship/starship/releases/download/v1.26.0/starship-x86_64-pc-windows-msvc.zip"
url_api = "https://api.github.com/repos/starship/starship/releases/assets/460374615"

[[tools.tree-sitter]]
version = "0.26.12"
backend = "aqua:tree-sitter/tree-sitter"

[tools.tree-sitter."platforms.linux-arm64"]
checksum = "sha256:cfbf3d9aad8e326878ab1846885a9c2b782a0333273591616f34bf556d525586"
url = "https://github.com/tree-sitter/tree-sitter/releases/download/v0.26.12/tree-sitter-linux-arm64.gz"
url_api = "https://api.github.com/repos/tree-sitter/tree-sitter/releases/assets/506408041"
provenance = "github-attestations"

[tools.tree-sitter."platforms.linux-arm64-musl"]
checksum = "sha256:cfbf3d9aad8e326878ab1846885a9c2b782a0333273591616f34bf556d525586"
url = "https://github.com/tree-sitter/tree-sitter/releases/download/v0.26.12/tree-sitter-linux-arm64.gz"
url_api = "https://api.github.com/repos/tree-sitter/tree-sitter/releases/assets/506408041"
provenance = "github-attestations"

[tools.tree-sitter."platforms.linux-x64"]
checksum = "sha256:d00ac0daefc4bf8c4b57842a5c0509927232faad1d83157b64fbad4e2e8d9a8b"
url = "https://github.com/tree-sitter/tree-sitter/releases/download/v0.26.12/tree-sitter-linux-x64.gz"
url_api = "https://api.github.com/repos/tree-sitter/tree-sitter/releases/assets/506408040"
provenance = "github-attestations"

[tools.tree-sitter."platforms.linux-x64-baseline"]
checksum = "sha256:d00ac0daefc4bf8c4b57842a5c0509927232faad1d83157b64fbad4e2e8d9a8b"
url = "https://github.com/tree-sitter/tree-sitter/releases/download/v0.26.12/tree-sitter-linux-x64.gz"
url_api = "https://api.github.com/repos/tree-sitter/tree-sitter/releases/assets/506408040"
provenance = "github-attestations"

[tools.tree-sitter."platforms.linux-x64-musl"]
checksum = "sha256:d00ac0daefc4bf8c4b57842a5c0509927232faad1d83157b64fbad4e2e8d9a8b"
url = "https://github.com/tree-sitter/tree-sitter/releases/download/v0.26.12/tree-sitter-linux-x64.gz"
url_api = "https://api.github.com/repos/tree-sitter/tree-sitter/releases/assets/506408040"
provenance = "github-attestations"

[tools.tree-sitter."platforms.linux-x64-musl-baseline"]
checksum = "sha256:d00ac0daefc4bf8c4b57842a5c0509927232faad1d83157b64fbad4e2e8d9a8b"
url = "https://github.com/tree-sitter/tree-sitter/releases/download/v0.26.12/tree-sitter-linux-x64.gz"
url_api = "https://api.github.com/repos/tree-sitter/tree-sitter/releases/assets/506408040"
provenance = "github-attestations"

[tools.tree-sitter."platforms.macos-arm64"]
checksum = "sha256:a7ddeff2507391ebdfd0b8fa0dfe91babed291ea00d86426cb0e6cfade891697"
url = "https://github.com/tree-sitter/tree-sitter/releases/download/v0.26.12/tree-sitter-macos-arm64.gz"
url_api = "https://api.github.com/repos/tree-sitter/tree-sitter/releases/assets/506408052"
provenance = "github-attestations"

[tools.tree-sitter."platforms.macos-x64"]
checksum = "sha256:6827b218bce4d5403cb76ae3c269bc836d3124b75bb3477197ee9a8c8f6e79dc"
url = "https://github.com/tree-sitter/tree-sitter/releases/download/v0.26.12/tree-sitter-macos-x64.gz"
url_api = "https://api.github.com/repos/tree-sitter/tree-sitter/releases/assets/506408053"
provenance = "github-attestations"

[tools.tree-sitter."platforms.macos-x64-baseline"]
checksum = "sha256:6827b218bce4d5403cb76ae3c269bc836d3124b75bb3477197ee9a8c8f6e79dc"
url = "https://github.com/tree-sitter/tree-sitter/releases/download/v0.26.12/tree-sitter-macos-x64.gz"
url_api = "https://api.github.com/repos/tree-sitter/tree-sitter/releases/assets/506408053"
provenance = "github-attestations"

[tools.tree-sitter."platforms.windows-x64"]
checksum = "sha256:3445cf022efbc3ffcc391a55ccb29a3ce277eea91c719247c2dad4dd9dac70f6"
url = "https://github.com/tree-sitter/tree-sitter/releases/download/v0.26.12/tree-sitter-windows-x64.gz"
url_api = "https://api.github.com/repos/tree-sitter/tree-sitter/releases/assets/506408056"
provenance = "github-attestations"

[tools.tree-sitter."platforms.windows-x64-baseline"]
checksum = "sha256:3445cf022efbc3ffcc391a55ccb29a3ce277eea91c719247c2dad4dd9dac70f6"
url = "https://github.com/tree-sitter/tree-sitter/releases/download/v0.26.12/tree-sitter-windows-x64.gz"
url_api = "https://api.github.com/repos/tree-sitter/tree-sitter/releases/assets/506408056"
provenance = "github-attestations"

[[tools.yazi]]
version = "26.5.6"
backend = "aqua:sxyazi/yazi"

[tools.yazi."platforms.linux-arm64"]
checksum = "sha256:dff4a6774069bdde616c3cd145275b462a5887229cd9bf6341e78063da37e84f"
url = "https://github.com/sxyazi/yazi/releases/download/v26.5.6/yazi-aarch64-unknown-linux-musl.zip"
url_api = "https://api.github.com/repos/sxyazi/yazi/releases/assets/412871963"

[tools.yazi."platforms.linux-arm64-musl"]
checksum = "sha256:dff4a6774069bdde616c3cd145275b462a5887229cd9bf6341e78063da37e84f"
url = "https://github.com/sxyazi/yazi/releases/download/v26.5.6/yazi-aarch64-unknown-linux-musl.zip"
url_api = "https://api.github.com/repos/sxyazi/yazi/releases/assets/412871963"

[tools.yazi."platforms.linux-x64"]
checksum = "sha256:1031a02560d053301537195a6661d227c15cb4ce5c30481050b31e2b88681bff"
url = "https://github.com/sxyazi/yazi/releases/download/v26.5.6/yazi-x86_64-unknown-linux-musl.zip"
url_api = "https://api.github.com/repos/sxyazi/yazi/releases/assets/412871954"

[tools.yazi."platforms.linux-x64-baseline"]
checksum = "sha256:1031a02560d053301537195a6661d227c15cb4ce5c30481050b31e2b88681bff"
url = "https://github.com/sxyazi/yazi/releases/download/v26.5.6/yazi-x86_64-unknown-linux-musl.zip"
url_api = "https://api.github.com/repos/sxyazi/yazi/releases/assets/412871954"

[tools.yazi."platforms.linux-x64-musl"]
checksum = "sha256:1031a02560d053301537195a6661d227c15cb4ce5c30481050b31e2b88681bff"
url = "https://github.com/sxyazi/yazi/releases/download/v26.5.6/yazi-x86_64-unknown-linux-musl.zip"
url_api = "https://api.github.com/repos/sxyazi/yazi/releases/assets/412871954"

[tools.yazi."platforms.linux-x64-musl-baseline"]
checksum = "sha256:1031a02560d053301537195a6661d227c15cb4ce5c30481050b31e2b88681bff"
url = "https://github.com/sxyazi/yazi/releases/download/v26.5.6/yazi-x86_64-unknown-linux-musl.zip"
url_api = "https://api.github.com/repos/sxyazi/yazi/releases/assets/412871954"

[tools.yazi."platforms.macos-arm64"]
checksum = "sha256:7abd71725e2fe27bed036becbf6ce79fa17964eb68491d34190011c94b8c7ca8"
url = "https://github.com/sxyazi/yazi/releases/download/v26.5.6/yazi-aarch64-apple-darwin.zip"
url_api = "https://api.github.com/repos/sxyazi/yazi/releases/assets/412871956"

[tools.yazi."platforms.macos-x64"]
checksum = "sha256:6846066f992c1688d8ec77431a3ab53f5ef268019fcef86e5649b8c27010868d"
url = "https://github.com/sxyazi/yazi/releases/download/v26.5.6/yazi-x86_64-apple-darwin.zip"
url_api = "https://api.github.com/repos/sxyazi/yazi/releases/assets/412871953"

[tools.yazi."platforms.macos-x64-baseline"]
checksum = "sha256:6846066f992c1688d8ec77431a3ab53f5ef268019fcef86e5649b8c27010868d"
url = "https://github.com/sxyazi/yazi/releases/download/v26.5.6/yazi-x86_64-apple-darwin.zip"
url_api = "https://api.github.com/repos/sxyazi/yazi/releases/assets/412871953"

[tools.yazi."platforms.windows-x64"]
checksum = "sha256:6c6c52a4b2648e179f917bdaa7c57e793d18561b380a8bfa025f10cd1b9b2ad1"
url = "https://github.com/sxyazi/yazi/releases/download/v26.5.6/yazi-x86_64-pc-windows-msvc.zip"
url_api = "https://api.github.com/repos/sxyazi/yazi/releases/assets/412871959"

[tools.yazi."platforms.windows-x64-baseline"]
checksum = "sha256:6c6c52a4b2648e179f917bdaa7c57e793d18561b380a8bfa025f10cd1b9b2ad1"
url = "https://github.com/sxyazi/yazi/releases/download/v26.5.6/yazi-x86_64-pc-windows-msvc.zip"
url_api = "https://api.github.com/repos/sxyazi/yazi/releases/assets/412871959"

[[tools.zoxide]]
version = "0.10.0"
backend = "aqua:ajeetdsouza/zoxide"

[tools.zoxide."platforms.linux-arm64"]
checksum = "sha256:f1f16c5d6298d63dee467eedea1cdcd8490e43e493bea43acd416dc9033ef641"
url = "https://github.com/ajeetdsouza/zoxide/releases/download/v0.10.0/zoxide-0.10.0-aarch64-unknown-linux-musl.tar.gz"
url_api = "https://api.github.com/repos/ajeetdsouza/zoxide/releases/assets/466316402"

[tools.zoxide."platforms.linux-arm64-musl"]
checksum = "sha256:f1f16c5d6298d63dee467eedea1cdcd8490e43e493bea43acd416dc9033ef641"
url = "https://github.com/ajeetdsouza/zoxide/releases/download/v0.10.0/zoxide-0.10.0-aarch64-unknown-linux-musl.tar.gz"
url_api = "https://api.github.com/repos/ajeetdsouza/zoxide/releases/assets/466316402"

[tools.zoxide."platforms.linux-x64"]
checksum = "sha256:2d93385b99f3e82cf2701609a1bffcad863fbeb75aa3fe7eb6be4d29be68b1ae"
url = "https://github.com/ajeetdsouza/zoxide/releases/download/v0.10.0/zoxide-0.10.0-x86_64-unknown-linux-musl.tar.gz"
url_api = "https://api.github.com/repos/ajeetdsouza/zoxide/releases/assets/466316293"

[tools.zoxide."platforms.linux-x64-baseline"]
checksum = "sha256:2d93385b99f3e82cf2701609a1bffcad863fbeb75aa3fe7eb6be4d29be68b1ae"
url = "https://github.com/ajeetdsouza/zoxide/releases/download/v0.10.0/zoxide-0.10.0-x86_64-unknown-linux-musl.tar.gz"
url_api = "https://api.github.com/repos/ajeetdsouza/zoxide/releases/assets/466316293"

[tools.zoxide."platforms.linux-x64-musl"]
checksum = "sha256:2d93385b99f3e82cf2701609a1bffcad863fbeb75aa3fe7eb6be4d29be68b1ae"
url = "https://github.com/ajeetdsouza/zoxide/releases/download/v0.10.0/zoxide-0.10.0-x86_64-unknown-linux-musl.tar.gz"
url_api = "https://api.github.com/repos/ajeetdsouza/zoxide/releases/assets/466316293"

[tools.zoxide."platforms.linux-x64-musl-baseline"]
checksum = "sha256:2d93385b99f3e82cf2701609a1bffcad863fbeb75aa3fe7eb6be4d29be68b1ae"
url = "https://github.com/ajeetdsouza/zoxide/releases/download/v0.10.0/zoxide-0.10.0-x86_64-unknown-linux-musl.tar.gz"
url_api = "https://api.github.com/repos/ajeetdsouza/zoxide/releases/assets/466316293"

[tools.zoxide."platforms.macos-arm64"]
checksum = "sha256:b55ae6f2f5f23d0a6ccb3bd4eeb2af9c7e0a6556e5255c82100e40305129bbb0"
url = "https://github.com/ajeetdsouza/zoxide/releases/download/v0.10.0/zoxide-0.10.0-aarch64-apple-darwin.tar.gz"
url_api = "https://api.github.com/repos/ajeetdsouza/zoxide/releases/assets/466316174"

[tools.zoxide."platforms.macos-x64"]
checksum = "sha256:18ab7ae2633ad6e2ab79a4e665cbba1e95b7c872d44523326efb793202451dad"
url = "https://github.com/ajeetdsouza/zoxide/releases/download/v0.10.0/zoxide-0.10.0-x86_64-apple-darwin.tar.gz"
url_api = "https://api.github.com/repos/ajeetdsouza/zoxide/releases/assets/466316167"

[tools.zoxide."platforms.macos-x64-baseline"]
checksum = "sha256:18ab7ae2633ad6e2ab79a4e665cbba1e95b7c872d44523326efb793202451dad"
url = "https://github.com/ajeetdsouza/zoxide/releases/download/v0.10.0/zoxide-0.10.0-x86_64-apple-darwin.tar.gz"
url_api = "https://api.github.com/repos/ajeetdsouza/zoxide/releases/assets/466316167"

[tools.zoxide."platforms.windows-x64"]
checksum = "sha256:f465ae548f8754c8e7edbc60b45fbf58c92bfe123db83d790252d6810fa5daf1"
url = "https://github.com/ajeetdsouza/zoxide/releases/download/v0.10.0/zoxide-0.10.0-x86_64-pc-windows-msvc.zip"
url_api = "https://api.github.com/repos/ajeetdsouza/zoxide/releases/assets/466316769"

[tools.zoxide."platforms.windows-x64-baseline"]
checksum = "sha256:f465ae548f8754c8e7edbc60b45fbf58c92bfe123db83d790252d6810fa5daf1"
url = "https://github.com/ajeetdsouza/zoxide/releases/download/v0.10.0/zoxide-0.10.0-x86_64-pc-windows-msvc.zip"
url_api = "https://api.github.com/repos/ajeetdsouza/zoxide/releases/assets/466316769"
