# @generated - this file is auto-generated by `mise lock` https://mise.en.dev/dev-tools/mise-lock.html

[[tools.bottom]]
version = "0.14.9"
backend = "aqua:ClementTsang/bottom"

[tools.bottom."platforms.linux-arm64"]
checksum = "sha256:a6a0a0dda426b31b2c72e15a26c7e97c2224aafdd66f60632e34ee464a64ec8f"
url = "https://github.com/ClementTsang/bottom/releases/download/0.14.9/bottom_aarch64-unknown-linux-gnu.tar.gz"
url_api = "https://api.github.com/repos/ClementTsang/bottom/releases/assets/531978123"
provenance = "github-attestations"

[tools.bottom."platforms.linux-arm64-musl"]
checksum = "sha256:7b6d532f6a6af356970f4e8d7d3a792590485aa4a53ebf038e10d20366125533"
url = "https://github.com/ClementTsang/bottom/releases/download/0.14.9/bottom_aarch64-unknown-linux-musl.tar.gz"
url_api = "https://api.github.com/repos/ClementTsang/bottom/releases/assets/531978125"
provenance = "github-attestations"

[tools.bottom."platforms.linux-x64"]
checksum = "sha256:e0c325829e8bdcea25a8a7651da05dbb6f1fc109ac5d2f0187867d3d5d9c0df8"
url = "https://github.com/ClementTsang/bottom/releases/download/0.14.9/bottom_x86_64-unknown-linux-gnu.tar.gz"
url_api = "https://api.github.com/repos/ClementTsang/bottom/releases/assets/531978159"
provenance = "github-attestations"

[tools.bottom."platforms.linux-x64-baseline"]
checksum = "sha256:e0c325829e8bdcea25a8a7651da05dbb6f1fc109ac5d2f0187867d3d5d9c0df8"
url = "https://github.com/ClementTsang/bottom/releases/download/0.14.9/bottom_x86_64-unknown-linux-gnu.tar.gz"
url_api = "https://api.github.com/repos/ClementTsang/bottom/releases/assets/531978159"
provenance = "github-attestations"

[tools.bottom."platforms.linux-x64-musl"]
checksum = "sha256:b4bee5b193e7d3f6e090ac14f0ca15acec2e7fe4ef64988e0bfc492e16c28c9a"
url = "https://github.com/ClementTsang/bottom/releases/download/0.14.9/bottom_x86_64-unknown-linux-musl.tar.gz"
url_api = "https://api.github.com/repos/ClementTsang/bottom/releases/assets/531978168"
provenance = "github-attestations"

[tools.bottom."platforms.linux-x64-musl-baseline"]
checksum = "sha256:b4bee5b193e7d3f6e090ac14f0ca15acec2e7fe4ef64988e0bfc492e16c28c9a"
url = "https://github.com/ClementTsang/bottom/releases/download/0.14.9/bottom_x86_64-unknown-linux-musl.tar.gz"
url_api = "https://api.github.com/repos/ClementTsang/bottom/releases/assets/531978168"
provenance = "github-attestations"

[tools.bottom."platforms.macos-arm64"]
checksum = "sha256:28358e19a3d62b3778fc0d1778b0028a682059145c9ac38ac5076bf124d77714"
url = "https://github.com/ClementTsang/bottom/releases/download/0.14.9/bottom_aarch64-apple-darwin.tar.gz"
url_api = "https://api.github.com/repos/ClementTsang/bottom/releases/assets/531978112"
provenance = "github-attestations"

[tools.bottom."platforms.macos-x64"]
checksum = "sha256:d0b1d446963ee3c4dfbfe2efd9614cfdc77f39e8268bf8cc2e0b5b6cea982774"
url = "https://github.com/ClementTsang/bottom/releases/download/0.14.9/bottom_x86_64-apple-darwin.tar.gz"
url_api = "https://api.github.com/repos/ClementTsang/bottom/releases/assets/531978144"
provenance = "github-attestations"

[tools.bottom."platforms.macos-x64-baseline"]
checksum = "sha256:d0b1d446963ee3c4dfbfe2efd9614cfdc77f39e8268bf8cc2e0b5b6cea982774"
url = "https://github.com/ClementTsang/bottom/releases/download/0.14.9/bottom_x86_64-apple-darwin.tar.gz"
url_api = "https://api.github.com/repos/ClementTsang/bottom/releases/assets/531978144"
provenance = "github-attestations"

[tools.bottom."platforms.windows-x64"]
checksum = "sha256:01660721b0fdc72b191f2b27b78dc9a3087aeb7b3fad4a890c53870089d6b500"
url = "https://github.com/ClementTsang/bottom/releases/download/0.14.9/bottom_x86_64-pc-windows-msvc.zip"
url_api = "https://api.github.com/repos/ClementTsang/bottom/releases/assets/531978148"
provenance = "github-attestations"

[tools.bottom."platforms.windows-x64-baseline"]
checksum = "sha256:01660721b0fdc72b191f2b27b78dc9a3087aeb7b3fad4a890c53870089d6b500"
url = "https://github.com/ClementTsang/bottom/releases/download/0.14.9/bottom_x86_64-pc-windows-msvc.zip"
url_api = "https://api.github.com/repos/ClementTsang/bottom/releases/assets/531978148"
provenance = "github-attestations"

[[tools.bun]]
version = "1.4.0"
backend = "core:bun"

[tools.bun."platforms.linux-arm64"]
checksum = "sha256:4b1a332ee861983eb93bcfe6f770fff94e3e31b2c388bdaea3c8ed35e58eed0e"
url = "https://github.com/oven-sh/bun/releases/download/bun-v1.4.0/bun-linux-aarch64.zip"

[tools.bun."platforms.linux-arm64-musl"]
checksum = "sha256:576300ce33ff16ffcd455bf178c2f095f9df845c6cc3d0284ba1c96ca0e80473"
url = "https://github.com/oven-sh/bun/releases/download/bun-v1.4.0/bun-linux-aarch64-musl.zip"

[tools.bun."platforms.linux-x64"]
checksum = "sha256:2d03fb5fb83ac8b567aca0a281b2ce1a1a19d488f56c2968d88c3f25e92fe452"
url = "https://github.com/oven-sh/bun/releases/download/bun-v1.4.0/bun-linux-x64.zip"

[tools.bun."platforms.linux-x64-baseline"]
checksum = "sha256:184fb4595f0d401a217cf7c78c1bc430ba83314dab7a8b94805babbf7fa7097f"
url = "https://github.com/oven-sh/bun/releases/download/bun-v1.4.0/bun-linux-x64-baseline.zip"

[tools.bun."platforms.linux-x64-musl"]
checksum = "sha256:83b5f12fd258dd8d4fdcaea65ede954366aa717dab399e20093ecab280d54e7a"
url = "https://github.com/oven-sh/bun/releases/download/bun-v1.4.0/bun-linux-x64-musl.zip"

[tools.bun."platforms.linux-x64-musl-baseline"]
checksum = "sha256:618c4bc1f94b02337ee210003c0b7c066f11548a8cdc5109df10db043dc47ca2"
url = "https://github.com/oven-sh/bun/releases/download/bun-v1.4.0/bun-linux-x64-musl-baseline.zip"

[tools.bun."platforms.macos-arm64"]
checksum = "sha256:c669e97f6164e1c96e0701748db98dfa77492908cbd8394c7557134a735de381"
url = "https://github.com/oven-sh/bun/releases/download/bun-v1.4.0/bun-darwin-aarch64.zip"

[tools.bun."platforms.macos-x64"]
checksum = "sha256:1d0211b8f1dc991182344687ad15e72ee86f154845a5f7fa477994cd341dd9b0"
url = "https://github.com/oven-sh/bun/releases/download/bun-v1.4.0/bun-darwin-x64.zip"

[tools.bun."platforms.macos-x64-baseline"]
checksum = "sha256:da9b9f1b4ba766c6f299711f38dfaa98623e1ed9c40896aa53db803c52ec1fa0"
url = "https://github.com/oven-sh/bun/releases/download/bun-v1.4.0/bun-darwin-x64-baseline.zip"

[tools.bun."platforms.windows-x64"]
checksum = "sha256:e6f093d39da486b20262ca8cdd5ed6a9e8bc9c2f275b78e6d3a0c5b28cc95901"
url = "https://github.com/oven-sh/bun/releases/download/bun-v1.4.0/bun-windows-x64.zip"

[tools.bun."platforms.windows-x64-baseline"]
checksum = "sha256:b929c54a9badb104a16dedd23aab6152c86793ae653d4e6b13983ffd0c882a66"
url = "https://github.com/oven-sh/bun/releases/download/bun-v1.4.0/bun-windows-x64-baseline.zip"

[[tools.fd]]
version = "10.5.0"
backend = "aqua:sharkdp/fd"

[tools.fd."platforms.linux-arm64"]
checksum = "sha256:c0ee43802e3313a317c5af2f4eabd6ba13eeedd595af9775f05e18a13ac4f52c"
url = "https://github.com/sharkdp/fd/releases/download/v10.5.0/fd-v10.5.0-aarch64-unknown-linux-gnu.tar.gz"
url_api = "https://api.github.com/repos/sharkdp/fd/releases/assets/530482307"

[tools.fd."platforms.linux-arm64-musl"]
checksum = "sha256:d76c4317f7d5dba69f8a2a15856c90c777e7f0dd4e85f0de8c76de6992c374d4"
url = "https://github.com/sharkdp/fd/releases/download/v10.5.0/fd-v10.5.0-aarch64-unknown-linux-musl.tar.gz"
url_api = "https://api.github.com/repos/sharkdp/fd/releases/assets/530481810"

[tools.fd."platforms.linux-x64"]
checksum = "sha256:a1259cd129636efbc3fef123525c1b49e88fe5088c012630983c310e52fdfa95"
url = "https://github.com/sharkdp/fd/releases/download/v10.5.0/fd-v10.5.0-x86_64-unknown-linux-gnu.tar.gz"
url_api = "https://api.github.com/repos/sharkdp/fd/releases/assets/530481615"

[tools.fd."platforms.linux-x64-baseline"]
checksum = "sha256:a1259cd129636efbc3fef123525c1b49e88fe5088c012630983c310e52fdfa95"
url = "https://github.com/sharkdp/fd/releases/download/v10.5.0/fd-v10.5.0-x86_64-unknown-linux-gnu.tar.gz"
url_api = "https://api.github.com/repos/sharkdp/fd/releases/assets/530481615"

[tools.fd."platforms.linux-x64-musl"]
checksum = "sha256:761c72dc8e120d85b22292063be8a796e2eeb20eb3e4f38b8fa2343ccf3514a7"
url = "https://github.com/sharkdp/fd/releases/download/v10.5.0/fd-v10.5.0-x86_64-unknown-linux-musl.tar.gz"
url_api = "https://api.github.com/repos/sharkdp/fd/releases/assets/530481315"

[tools.fd."platforms.linux-x64-musl-baseline"]
checksum = "sha256:761c72dc8e120d85b22292063be8a796e2eeb20eb3e4f38b8fa2343ccf3514a7"
url = "https://github.com/sharkdp/fd/releases/download/v10.5.0/fd-v10.5.0-x86_64-unknown-linux-musl.tar.gz"
url_api = "https://api.github.com/repos/sharkdp/fd/releases/assets/530481315"

[tools.fd."platforms.macos-arm64"]
checksum = "sha256:b67e1836c468e42e411984b56e52fa7abec08c2bd22c867398e7cc134aac5e12"
url = "https://github.com/sharkdp/fd/releases/download/v10.5.0/fd-v10.5.0-aarch64-apple-darwin.tar.gz"
url_api = "https://api.github.com/repos/sharkdp/fd/releases/assets/530481346"

[tools.fd."platforms.windows-x64"]
checksum = "sha256:a227701b8551c35a9931d9f6da75503cf86d88e182d71fb849a70864c5d57cd7"
url = "https://github.com/sharkdp/fd/releases/download/v10.5.0/fd-v10.5.0-x86_64-pc-windows-msvc.zip"
url_api = "https://api.github.com/repos/sharkdp/fd/releases/assets/530482901"

[tools.fd."platforms.windows-x64-baseline"]
checksum = "sha256:a227701b8551c35a9931d9f6da75503cf86d88e182d71fb849a70864c5d57cd7"
url = "https://github.com/sharkdp/fd/releases/download/v10.5.0/fd-v10.5.0-x86_64-pc-windows-msvc.zip"
url_api = "https://api.github.com/repos/sharkdp/fd/releases/assets/530482901"

[[tools.gdu]]
version = "5.37.0"
backend = "aqua:dundee/gdu"

[tools.gdu."platforms.linux-arm64"]
checksum = "sha256:40bde14eceec8b8c025dd12338564b7dbe1224f69189fa109de6455e3d31b994"
url = "https://github.com/dundee/gdu/releases/download/v5.37.0/gdu_linux_arm64.tgz"
url_api = "https://api.github.com/repos/dundee/gdu/releases/assets/519065143"

[tools.gdu."platforms.linux-arm64-musl"]
checksum = "sha256:40bde14eceec8b8c025dd12338564b7dbe1224f69189fa109de6455e3d31b994"
url = "https://github.com/dundee/gdu/releases/download/v5.37.0/gdu_linux_arm64.tgz"
url_api = "https://api.github.com/repos/dundee/gdu/releases/assets/519065143"

[tools.gdu."platforms.linux-x64"]
checksum = "sha256:cee74b2806a83134d36ed3692a1b6c88eeeb5a123b468b962fdfb3191ad7f40a"
url = "https://github.com/dundee/gdu/releases/download/v5.37.0/gdu_linux_amd64.tgz"
url_api = "https://api.github.com/repos/dundee/gdu/releases/assets/519065157"

[tools.gdu."platforms.linux-x64-baseline"]
checksum = "sha256:cee74b2806a83134d36ed3692a1b6c88eeeb5a123b468b962fdfb3191ad7f40a"
url = "https://github.com/dundee/gdu/releases/download/v5.37.0/gdu_linux_amd64.tgz"
url_api = "https://api.github.com/repos/dundee/gdu/releases/assets/519065157"

[tools.gdu."platforms.linux-x64-musl"]
checksum = "sha256:cee74b2806a83134d36ed3692a1b6c88eeeb5a123b468b962fdfb3191ad7f40a"
url = "https://github.com/dundee/gdu/releases/download/v5.37.0/gdu_linux_amd64.tgz"
url_api = "https://api.github.com/repos/dundee/gdu/releases/assets/519065157"

[tools.gdu."platforms.linux-x64-musl-baseline"]
checksum = "sha256:cee74b2806a83134d36ed3692a1b6c88eeeb5a123b468b962fdfb3191ad7f40a"
url = "https://github.com/dundee/gdu/releases/download/v5.37.0/gdu_linux_amd64.tgz"
url_api = "https://api.github.com/repos/dundee/gdu/releases/assets/519065157"

[tools.gdu."platforms.macos-arm64"]
checksum = "sha256:9141cd08df9266b497babcfe84ba08eb28645ea568c113f5cc9d1b125f08dcf3"
url = "https://github.com/dundee/gdu/releases/download/v5.37.0/gdu_darwin_arm64.tgz"
url_api = "https://api.github.com/repos/dundee/gdu/releases/assets/519065160"

[tools.gdu."platforms.macos-x64"]
checksum = "sha256:ba8ea36b67a77f8ca33f96c46a4d470e1344a9a5d26fd621653391c00f2c30cd"
url = "https://github.com/dundee/gdu/releases/download/v5.37.0/gdu_darwin_amd64.tgz"
url_api = "https://api.github.com/repos/dundee/gdu/releases/assets/519065150"

[tools.gdu."platforms.macos-x64-baseline"]
checksum = "sha256:ba8ea36b67a77f8ca33f96c46a4d470e1344a9a5d26fd621653391c00f2c30cd"
url = "https://github.com/dundee/gdu/releases/download/v5.37.0/gdu_darwin_amd64.tgz"
url_api = "https://api.github.com/repos/dundee/gdu/releases/assets/519065150"

[tools.gdu."platforms.windows-x64"]
checksum = "sha256:c8eebbad26799d5d0bd55b740e1acf0353c8889be4dccd98bc3aeac73660eee3"
url = "https://github.com/dundee/gdu/releases/download/v5.37.0/gdu_windows_amd64.exe.zip"
url_api = "https://api.github.com/repos/dundee/gdu/releases/assets/519065133"

[tools.gdu."platforms.windows-x64-baseline"]
checksum = "sha256:c8eebbad26799d5d0bd55b740e1acf0353c8889be4dccd98bc3aeac73660eee3"
url = "https://github.com/dundee/gdu/releases/download/v5.37.0/gdu_windows_amd64.exe.zip"
url_api = "https://api.github.com/repos/dundee/gdu/releases/assets/519065133"

[[tools."github:Tatsu-syo/noMeiryoUI"]]
version = "3.5.0"
backend = "github:Tatsu-syo/noMeiryoUI"

[tools."github:Tatsu-syo/noMeiryoUI".options]
asset_pattern = "noMeiryoUI*.zip"
version_prefix = "TAG-"

[tools."github:Tatsu-syo/noMeiryoUI"."platforms.linux-arm64"]
checksum = "sha256:e36a4e730c15b28466efeac090a022cd2cdb16b88d06a4755cad6020b04e2a86"
url = "https://github.com/Tatsu-syo/noMeiryoUI/releases/download/TAG-3.5.0/noMeiryoUI3.5.0.zip"
url_api = "https://api.github.com/repos/Tatsu-syo/noMeiryoUI/releases/assets/536341171"

[tools."github:Tatsu-syo/noMeiryoUI"."platforms.linux-arm64-musl"]
checksum = "sha256:e36a4e730c15b28466efeac090a022cd2cdb16b88d06a4755cad6020b04e2a86"
url = "https://github.com/Tatsu-syo/noMeiryoUI/releases/download/TAG-3.5.0/noMeiryoUI3.5.0.zip"
url_api = "https://api.github.com/repos/Tatsu-syo/noMeiryoUI/releases/assets/536341171"

[tools."github:Tatsu-syo/noMeiryoUI"."platforms.linux-x64"]
checksum = "sha256:e36a4e730c15b28466efeac090a022cd2cdb16b88d06a4755cad6020b04e2a86"
url = "https://github.com/Tatsu-syo/noMeiryoUI/releases/download/TAG-3.5.0/noMeiryoUI3.5.0.zip"
url_api = "https://api.github.com/repos/Tatsu-syo/noMeiryoUI/releases/assets/536341171"

[tools."github:Tatsu-syo/noMeiryoUI"."platforms.linux-x64-baseline"]
checksum = "sha256:e36a4e730c15b28466efeac090a022cd2cdb16b88d06a4755cad6020b04e2a86"
url = "https://github.com/Tatsu-syo/noMeiryoUI/releases/download/TAG-3.5.0/noMeiryoUI3.5.0.zip"
url_api = "https://api.github.com/repos/Tatsu-syo/noMeiryoUI/releases/assets/536341171"

[tools."github:Tatsu-syo/noMeiryoUI"."platforms.linux-x64-musl"]
checksum = "sha256:e36a4e730c15b28466efeac090a022cd2cdb16b88d06a4755cad6020b04e2a86"
url = "https://github.com/Tatsu-syo/noMeiryoUI/releases/download/TAG-3.5.0/noMeiryoUI3.5.0.zip"
url_api = "https://api.github.com/repos/Tatsu-syo/noMeiryoUI/releases/assets/536341171"

[tools."github:Tatsu-syo/noMeiryoUI"."platforms.linux-x64-musl-baseline"]
checksum = "sha256:e36a4e730c15b28466efeac090a022cd2cdb16b88d06a4755cad6020b04e2a86"
url = "https://github.com/Tatsu-syo/noMeiryoUI/releases/download/TAG-3.5.0/noMeiryoUI3.5.0.zip"
url_api = "https://api.github.com/repos/Tatsu-syo/noMeiryoUI/releases/assets/536341171"

[tools."github:Tatsu-syo/noMeiryoUI"."platforms.macos-arm64"]
checksum = "sha256:e36a4e730c15b28466efeac090a022cd2cdb16b88d06a4755cad6020b04e2a86"
url = "https://github.com/Tatsu-syo/noMeiryoUI/releases/download/TAG-3.5.0/noMeiryoUI3.5.0.zip"
url_api = "https://api.github.com/repos/Tatsu-syo/noMeiryoUI/releases/assets/536341171"

[tools."github:Tatsu-syo/noMeiryoUI"."platforms.macos-x64"]
checksum = "sha256:e36a4e730c15b28466efeac090a022cd2cdb16b88d06a4755cad6020b04e2a86"
url = "https://github.com/Tatsu-syo/noMeiryoUI/releases/download/TAG-3.5.0/noMeiryoUI3.5.0.zip"
url_api = "https://api.github.com/repos/Tatsu-syo/noMeiryoUI/releases/assets/536341171"

[tools."github:Tatsu-syo/noMeiryoUI"."platforms.macos-x64-baseline"]
checksum = "sha256:e36a4e730c15b28466efeac090a022cd2cdb16b88d06a4755cad6020b04e2a86"
url = "https://github.com/Tatsu-syo/noMeiryoUI/releases/download/TAG-3.5.0/noMeiryoUI3.5.0.zip"
url_api = "https://api.github.com/repos/Tatsu-syo/noMeiryoUI/releases/assets/536341171"

[tools."github:Tatsu-syo/noMeiryoUI"."platforms.windows-x64"]
checksum = "sha256:e36a4e730c15b28466efeac090a022cd2cdb16b88d06a4755cad6020b04e2a86"
url = "https://github.com/Tatsu-syo/noMeiryoUI/releases/download/TAG-3.5.0/noMeiryoUI3.5.0.zip"
url_api = "https://api.github.com/repos/Tatsu-syo/noMeiryoUI/releases/assets/536341171"

[tools."github:Tatsu-syo/noMeiryoUI"."platforms.windows-x64-baseline"]
checksum = "sha256:e36a4e730c15b28466efeac090a022cd2cdb16b88d06a4755cad6020b04e2a86"
url = "https://github.com/Tatsu-syo/noMeiryoUI/releases/download/TAG-3.5.0/noMeiryoUI3.5.0.zip"
url_api = "https://api.github.com/repos/Tatsu-syo/noMeiryoUI/releases/assets/536341171"

[[tools.hyperfine]]
version = "1.20.0"
backend = "aqua:sharkdp/hyperfine"

[tools.hyperfine."platforms.linux-arm64"]
checksum = "sha256:90875cb1db7a1d797c311174d061728361e58fc70e3b62262a00635ac3b1997c"
url = "https://github.com/sharkdp/hyperfine/releases/download/v1.20.0/hyperfine-v1.20.0-aarch64-unknown-linux-gnu.tar.gz"
url_api = "https://api.github.com/repos/sharkdp/hyperfine/releases/assets/317832112"

[tools.hyperfine."platforms.linux-x64"]
checksum = "sha256:63ad53934062118f5b0be11785e0bb1603d4b91667d1921f2fd8df9a8712040a"
url = "https://github.com/sharkdp/hyperfine/releases/download/v1.20.0/hyperfine-v1.20.0-x86_64-unknown-linux-gnu.tar.gz"
url_api = "https://api.github.com/repos/sharkdp/hyperfine/releases/assets/317831911"

[tools.hyperfine."platforms.linux-x64-baseline"]
checksum = "sha256:63ad53934062118f5b0be11785e0bb1603d4b91667d1921f2fd8df9a8712040a"
url = "https://github.com/sharkdp/hyperfine/releases/download/v1.20.0/hyperfine-v1.20.0-x86_64-unknown-linux-gnu.tar.gz"
url_api = "https://api.github.com/repos/sharkdp/hyperfine/releases/assets/317831911"

[tools.hyperfine."platforms.linux-x64-musl"]
checksum = "sha256:3285ec7959285288137043dd81dce0dde056227018a8277532d9a364b4f03c2b"
url = "https://github.com/sharkdp/hyperfine/releases/download/v1.20.0/hyperfine-v1.20.0-x86_64-unknown-linux-musl.tar.gz"
url_api = "https://api.github.com/repos/sharkdp/hyperfine/releases/assets/317832008"

[tools.hyperfine."platforms.linux-x64-musl-baseline"]
checksum = "sha256:3285ec7959285288137043dd81dce0dde056227018a8277532d9a364b4f03c2b"
url = "https://github.com/sharkdp/hyperfine/releases/download/v1.20.0/hyperfine-v1.20.0-x86_64-unknown-linux-musl.tar.gz"
url_api = "https://api.github.com/repos/sharkdp/hyperfine/releases/assets/317832008"

[tools.hyperfine."platforms.macos-arm64"]
checksum = "sha256:f58d0b90993fadfa122a351428c469ce24afef3865f027f0e6e86f0830d088f1"
url = "https://github.com/sharkdp/hyperfine/releases/download/v1.20.0/hyperfine-v1.20.0-x86_64-apple-darwin.tar.gz"
url_api = "https://api.github.com/repos/sharkdp/hyperfine/releases/assets/317832526"

[tools.hyperfine."platforms.macos-x64"]
checksum = "sha256:f58d0b90993fadfa122a351428c469ce24afef3865f027f0e6e86f0830d088f1"
url = "https://github.com/sharkdp/hyperfine/releases/download/v1.20.0/hyperfine-v1.20.0-x86_64-apple-darwin.tar.gz"
url_api = "https://api.github.com/repos/sharkdp/hyperfine/releases/assets/317832526"

[tools.hyperfine."platforms.macos-x64-baseline"]
checksum = "sha256:f58d0b90993fadfa122a351428c469ce24afef3865f027f0e6e86f0830d088f1"
url = "https://github.com/sharkdp/hyperfine/releases/download/v1.20.0/hyperfine-v1.20.0-x86_64-apple-darwin.tar.gz"
url_api = "https://api.github.com/repos/sharkdp/hyperfine/releases/assets/317832526"

[tools.hyperfine."platforms.windows-x64"]
checksum = "sha256:2508c549b049b1d4342d08edc1cb42bfac169082b6e3069431b5bab9822dbb32"
url = "https://github.com/sharkdp/hyperfine/releases/download/v1.20.0/hyperfine-v1.20.0-x86_64-pc-windows-msvc.zip"
url_api = "https://api.github.com/repos/sharkdp/hyperfine/releases/assets/317832313"

[tools.hyperfine."platforms.windows-x64-baseline"]
checksum = "sha256:2508c549b049b1d4342d08edc1cb42bfac169082b6e3069431b5bab9822dbb32"
url = "https://github.com/sharkdp/hyperfine/releases/download/v1.20.0/hyperfine-v1.20.0-x86_64-pc-windows-msvc.zip"
url_api = "https://api.github.com/repos/sharkdp/hyperfine/releases/assets/317832313"

[[tools.lazygit]]
version = "0.64.1"
backend = "aqua:jesseduffield/lazygit"

[tools.lazygit."platforms.linux-arm64"]
checksum = "sha256:8b7ca3b344e60340ad1f89f29b9868ee39bcaba5bb92ee818bbe65476bb8b6e7"
url = "https://github.com/jesseduffield/lazygit/releases/download/v0.64.1/lazygit_0.64.1_linux_arm64.tar.gz"
url_api = "https://api.github.com/repos/jesseduffield/lazygit/releases/assets/511894160"

[tools.lazygit."platforms.linux-arm64-musl"]
checksum = "sha256:8b7ca3b344e60340ad1f89f29b9868ee39bcaba5bb92ee818bbe65476bb8b6e7"
url = "https://github.com/jesseduffield/lazygit/releases/download/v0.64.1/lazygit_0.64.1_linux_arm64.tar.gz"
url_api = "https://api.github.com/repos/jesseduffield/lazygit/releases/assets/511894160"

[tools.lazygit."platforms.linux-x64"]
checksum = "sha256:f8ea237c41f194cd799b48505518bfdaae4edf5a2ad6bd3d898e939785ee4532"
url = "https://github.com/jesseduffield/lazygit/releases/download/v0.64.1/lazygit_0.64.1_linux_x86_64.tar.gz"
url_api = "https://api.github.com/repos/jesseduffield/lazygit/releases/assets/511894209"

[tools.lazygit."platforms.linux-x64-baseline"]
checksum = "sha256:f8ea237c41f194cd799b48505518bfdaae4edf5a2ad6bd3d898e939785ee4532"
url = "https://github.com/jesseduffield/lazygit/releases/download/v0.64.1/lazygit_0.64.1_linux_x86_64.tar.gz"
url_api = "https://api.github.com/repos/jesseduffield/lazygit/releases/assets/511894209"

[tools.lazygit."platforms.linux-x64-musl"]
checksum = "sha256:f8ea237c41f194cd799b48505518bfdaae4edf5a2ad6bd3d898e939785ee4532"
url = "https://github.com/jesseduffield/lazygit/releases/download/v0.64.1/lazygit_0.64.1_linux_x86_64.tar.gz"
url_api = "https://api.github.com/repos/jesseduffield/lazygit/releases/assets/511894209"

[tools.lazygit."platforms.linux-x64-musl-baseline"]
checksum = "sha256:f8ea237c41f194cd799b48505518bfdaae4edf5a2ad6bd3d898e939785ee4532"
url = "https://github.com/jesseduffield/lazygit/releases/download/v0.64.1/lazygit_0.64.1_linux_x86_64.tar.gz"
url_api = "https://api.github.com/repos/jesseduffield/lazygit/releases/assets/511894209"

[tools.lazygit."platforms.macos-arm64"]
checksum = "sha256:a106b4c1bf8ab7539c4afb40a01cbde263a96513cdcb8bf7630278f07e88cd99"
url = "https://github.com/jesseduffield/lazygit/releases/download/v0.64.1/lazygit_0.64.1_darwin_arm64.tar.gz"
url_api = "https://api.github.com/repos/jesseduffield/lazygit/releases/assets/511894212"

[tools.lazygit."platforms.macos-x64"]
checksum = "sha256:f727fdf2efa46f78d102639eafe085cef437928da1e9ec79ec8e203b8a12f2a2"
url = "https://github.com/jesseduffield/lazygit/releases/download/v0.64.1/lazygit_0.64.1_darwin_x86_64.tar.gz"
url_api = "https://api.github.com/repos/jesseduffield/lazygit/releases/assets/511894192"

[tools.lazygit."platforms.macos-x64-baseline"]
checksum = "sha256:f727fdf2efa46f78d102639eafe085cef437928da1e9ec79ec8e203b8a12f2a2"
url = "https://github.com/jesseduffield/lazygit/releases/download/v0.64.1/lazygit_0.64.1_darwin_x86_64.tar.gz"
url_api = "https://api.github.com/repos/jesseduffield/lazygit/releases/assets/511894192"

[tools.lazygit."platforms.windows-x64"]
checksum = "sha256:de8eca2cf2e75857882d313bf9dfc706a7aae893951ab29df706c99b525661ae"
url = "https://github.com/jesseduffield/lazygit/releases/download/v0.64.1/lazygit_0.64.1_windows_x86_64.zip"
url_api = "https://api.github.com/repos/jesseduffield/lazygit/releases/assets/511894165"

[tools.lazygit."platforms.windows-x64-baseline"]
checksum = "sha256:de8eca2cf2e75857882d313bf9dfc706a7aae893951ab29df706c99b525661ae"
url = "https://github.com/jesseduffield/lazygit/releases/download/v0.64.1/lazygit_0.64.1_windows_x86_64.zip"
url_api = "https://api.github.com/repos/jesseduffield/lazygit/releases/assets/511894165"

[[tools.node]]
version = "26.8.1"
backend = "core:node"

[tools.node."platforms.linux-arm64"]
checksum = "sha256:d5f973ce975e4bd03e6c2038260f7e9201615aa8e1ee293c72f8dcc2a6d9fddb"
url = "https://nodejs.org/dist/v26.8.1/node-v26.8.1-linux-arm64.tar.gz"

[tools.node."platforms.linux-arm64-musl"]
checksum = "sha256:0fe78afdeb4a4d273b14abbd4b946c772885c58994c9d23b1c8ae0a59a2f8a53"
url = "https://unofficial-builds.nodejs.org/download/release/v26.8.1/node-v26.8.1-linux-arm64-musl.tar.gz"

[tools.node."platforms.linux-x64"]
checksum = "sha256:b2b76660fa4ded4e0b2a41ee3c0c651cd52ea8170ead91ebac1e147ac3d55643"
url = "https://nodejs.org/dist/v26.8.1/node-v26.8.1-linux-x64.tar.gz"

[tools.node."platforms.linux-x64-baseline"]
checksum = "sha256:b2b76660fa4ded4e0b2a41ee3c0c651cd52ea8170ead91ebac1e147ac3d55643"
url = "https://nodejs.org/dist/v26.8.1/node-v26.8.1-linux-x64.tar.gz"

[tools.node."platforms.linux-x64-musl"]
checksum = "sha256:13135a6a2106f9d111fa9b48c8801ed119ad43e7e1d00de17d77a9c44899aada"
url = "https://unofficial-builds.nodejs.org/download/release/v26.8.1/node-v26.8.1-linux-x64-musl.tar.gz"

[tools.node."platforms.linux-x64-musl-baseline"]
checksum = "sha256:13135a6a2106f9d111fa9b48c8801ed119ad43e7e1d00de17d77a9c44899aada"
url = "https://unofficial-builds.nodejs.org/download/release/v26.8.1/node-v26.8.1-linux-x64-musl.tar.gz"

[tools.node."platforms.macos-arm64"]
checksum = "sha256:6e577fd0d9db776db82306629e441a9dace416702622aebdd171c9dfaa41f4d2"
url = "https://nodejs.org/dist/v26.8.1/node-v26.8.1-darwin-arm64.tar.gz"

[tools.node."platforms.macos-x64"]
checksum = "sha256:fe9c6dbf9c8e1b4443803d75e2a20366e420dae650c747dbb116b22975751baf"
url = "https://nodejs.org/dist/v26.8.1/node-v26.8.1-darwin-x64.tar.gz"

[tools.node."platforms.macos-x64-baseline"]
checksum = "sha256:fe9c6dbf9c8e1b4443803d75e2a20366e420dae650c747dbb116b22975751baf"
url = "https://nodejs.org/dist/v26.8.1/node-v26.8.1-darwin-x64.tar.gz"

[tools.node."platforms.windows-x64"]
checksum = "sha256:57693d8e93d1b04e7b7de46aca53ecd63e97564e73de36a68428d7ff08d83587"
url = "https://nodejs.org/dist/v26.8.1/node-v26.8.1-win-x64.zip"

[tools.node."platforms.windows-x64-baseline"]
checksum = "sha256:57693d8e93d1b04e7b7de46aca53ecd63e97564e73de36a68428d7ff08d83587"
url = "https://nodejs.org/dist/v26.8.1/node-v26.8.1-win-x64.zip"

[[tools.python]]
version = "3.13.15"
backend = "core:python"

[tools.python."platforms.linux-arm64"]
checksum = "sha256:e5d0df1a6070a8614d808496e5ea28c727480e40ffcce1a94697a067f1690aa8"
url = "https://github.com/astral-sh/python-build-standalone/releases/download/20260825/cpython-3.13.15+20260825-aarch64-unknown-linux-gnu-install_only_stripped.tar.gz"
provenance = "github-attestations"

[tools.python."platforms.linux-arm64-musl"]
checksum = "sha256:37289ba3f47bbd35539b96589f4d406a0657940e78298c66970dd71ec78dfb68"
url = "https://github.com/astral-sh/python-build-standalone/releases/download/20260825/cpython-3.13.15+20260825-aarch64-unknown-linux-musl-install_only_stripped.tar.gz"
provenance = "github-attestations"

[tools.python."platforms.linux-x64"]
checksum = "sha256:8af9a8214c71b2dd698005e39fab87aad02a994330508857da4e6d1ba7e6ddb6"
url = "https://github.com/astral-sh/python-build-standalone/releases/download/20260825/cpython-3.13.15+20260825-x86_64-unknown-linux-gnu-install_only_stripped.tar.gz"
provenance = "github-attestations"

[tools.python."platforms.linux-x64-baseline"]
checksum = "sha256:8af9a8214c71b2dd698005e39fab87aad02a994330508857da4e6d1ba7e6ddb6"
url = "https://github.com/astral-sh/python-build-standalone/releases/download/20260825/cpython-3.13.15+20260825-x86_64-unknown-linux-gnu-install_only_stripped.tar.gz"
provenance = "github-attestations"

[tools.python."platforms.linux-x64-musl"]
checksum = "sha256:14bf916d2c941cfaf88bb4457e966ed642dacb19d0ddae7f3a2c66cdc6b63354"
url = "https://github.com/astral-sh/python-build-standalone/releases/download/20260825/cpython-3.13.15+20260825-x86_64-unknown-linux-musl-install_only_stripped.tar.gz"
provenance = "github-attestations"

[tools.python."platforms.linux-x64-musl-baseline"]
checksum = "sha256:14bf916d2c941cfaf88bb4457e966ed642dacb19d0ddae7f3a2c66cdc6b63354"
url = "https://github.com/astral-sh/python-build-standalone/releases/download/20260825/cpython-3.13.15+20260825-x86_64-unknown-linux-musl-install_only_stripped.tar.gz"
provenance = "github-attestations"

[tools.python."platforms.macos-arm64"]
checksum = "sha256:149038dd0c194c25d4616d7e42a35f67f2edee96412788f74115819b6a4c8548"
url = "https://github.com/astral-sh/python-build-standalone/releases/download/20260825/cpython-3.13.15+20260825-aarch64-apple-darwin-install_only_stripped.tar.gz"
provenance = "github-attestations"

[tools.python."platforms.macos-x64"]
checksum = "sha256:d33d61f7f4982c94216e14a43599c75657b7d0839277fc72bc6dbac53e8229bc"
url = "https://github.com/astral-sh/python-build-standalone/releases/download/20260825/cpython-3.13.15+20260825-x86_64-apple-darwin-install_only_stripped.tar.gz"
provenance = "github-attestations"

[tools.python."platforms.macos-x64-baseline"]
checksum = "sha256:d33d61f7f4982c94216e14a43599c75657b7d0839277fc72bc6dbac53e8229bc"
url = "https://github.com/astral-sh/python-build-standalone/releases/download/20260825/cpython-3.13.15+20260825-x86_64-apple-darwin-install_only_stripped.tar.gz"
provenance = "github-attestations"

[tools.python."platforms.windows-x64"]
checksum = "sha256:c1dc1e267f2a81493ce6e94837263f648f1eb6d0df73a1492469c1fed025ce8f"
url = "https://github.com/astral-sh/python-build-standalone/releases/download/20260825/cpython-3.13.15+20260825-x86_64-pc-windows-msvc-install_only_stripped.tar.gz"
provenance = "github-attestations"

[tools.python."platforms.windows-x64-baseline"]
checksum = "sha256:c1dc1e267f2a81493ce6e94837263f648f1eb6d0df73a1492469c1fed025ce8f"
url = "https://github.com/astral-sh/python-build-standalone/releases/download/20260825/cpython-3.13.15+20260825-x86_64-pc-windows-msvc-install_only_stripped.tar.gz"
provenance = "github-attestations"

[[tools.ripgrep]]
version = "15.2.0"
backend = "aqua:BurntSushi/ripgrep"

[tools.ripgrep."platforms.linux-arm64"]
checksum = "sha256:a740b91c82eaf9914cfedd353572f2791cbe0162c84101ee0951058f4dcbc90d"
url = "https://github.com/BurntSushi/ripgrep/releases/download/15.2.0/ripgrep-15.2.0-aarch64-unknown-linux-gnu.tar.gz"
url_api = "https://api.github.com/repos/BurntSushi/ripgrep/releases/assets/478119579"

[tools.ripgrep."platforms.linux-arm64-musl"]
checksum = "sha256:800b1e7206afe799dfb5a6901f23147cfaabe0e52210538100f61e86e1740915"
url = "https://github.com/BurntSushi/ripgrep/releases/download/15.2.0/ripgrep-15.2.0-aarch64-unknown-linux-musl.tar.gz"
url_api = "https://api.github.com/repos/BurntSushi/ripgrep/releases/assets/478120060"

[tools.ripgrep."platforms.linux-x64"]
checksum = "sha256:33e15bcf1624b25cdd2a55813a47a2f95dbe126268203e76aa6a585d1e7b149c"
url = "https://github.com/BurntSushi/ripgrep/releases/download/15.2.0/ripgrep-15.2.0-x86_64-unknown-linux-musl.tar.gz"
url_api = "https://api.github.com/repos/BurntSushi/ripgrep/releases/assets/478120097"

[tools.ripgrep."platforms.linux-x64-baseline"]
checksum = "sha256:33e15bcf1624b25cdd2a55813a47a2f95dbe126268203e76aa6a585d1e7b149c"
url = "https://github.com/BurntSushi/ripgrep/releases/download/15.2.0/ripgrep-15.2.0-x86_64-unknown-linux-musl.tar.gz"
url_api = "https://api.github.com/repos/BurntSushi/ripgrep/releases/assets/478120097"

[tools.ripgrep."platforms.linux-x64-musl"]
checksum = "sha256:33e15bcf1624b25cdd2a55813a47a2f95dbe126268203e76aa6a585d1e7b149c"
url = "https://github.com/BurntSushi/ripgrep/releases/download/15.2.0/ripgrep-15.2.0-x86_64-unknown-linux-musl.tar.gz"
url_api = "https://api.github.com/repos/BurntSushi/ripgrep/releases/assets/478120097"

[tools.ripgrep."platforms.linux-x64-musl-baseline"]
checksum = "sha256:33e15bcf1624b25cdd2a55813a47a2f95dbe126268203e76aa6a585d1e7b149c"
url = "https://github.com/BurntSushi/ripgrep/releases/download/15.2.0/ripgrep-15.2.0-x86_64-unknown-linux-musl.tar.gz"
url_api = "https://api.github.com/repos/BurntSushi/ripgrep/releases/assets/478120097"

[tools.ripgrep."platforms.macos-arm64"]
checksum = "sha256:3750b2e93f37e0c692657da574d7019a101c0084da05a790c83fd335bad973e4"
url = "https://github.com/BurntSushi/ripgrep/releases/download/15.2.0/ripgrep-15.2.0-aarch64-apple-darwin.tar.gz"
url_api = "https://api.github.com/repos/BurntSushi/ripgrep/releases/assets/478118851"

[tools.ripgrep."platforms.macos-x64"]
checksum = "sha256:af7825fcc69a2afc7a7aea55fc9af90e26421d8f20fe59df32e233c0b8a231c1"
url = "https://github.com/BurntSushi/ripgrep/releases/download/15.2.0/ripgrep-15.2.0-x86_64-apple-darwin.tar.gz"
url_api = "https://api.github.com/repos/BurntSushi/ripgrep/releases/assets/478119585"

[tools.ripgrep."platforms.macos-x64-baseline"]
checksum = "sha256:af7825fcc69a2afc7a7aea55fc9af90e26421d8f20fe59df32e233c0b8a231c1"
url = "https://github.com/BurntSushi/ripgrep/releases/download/15.2.0/ripgrep-15.2.0-x86_64-apple-darwin.tar.gz"
url_api = "https://api.github.com/repos/BurntSushi/ripgrep/releases/assets/478119585"

[tools.ripgrep."platforms.windows-x64"]
checksum = "sha256:71b2fef860abe467217a538ff31de02f5258807c0129f771846f87bd029aafc5"
url = "https://github.com/BurntSushi/ripgrep/releases/download/15.2.0/ripgrep-15.2.0-x86_64-pc-windows-msvc.zip"
url_api = "https://api.github.com/repos/BurntSushi/ripgrep/releases/assets/478119643"

[tools.ripgrep."platforms.windows-x64-baseline"]
checksum = "sha256:71b2fef860abe467217a538ff31de02f5258807c0129f771846f87bd029aafc5"
url = "https://github.com/BurntSushi/ripgrep/releases/download/15.2.0/ripgrep-15.2.0-x86_64-pc-windows-msvc.zip"
url_api = "https://api.github.com/repos/BurntSushi/ripgrep/releases/assets/478119643"

[[tools.yazi]]
version = "26.8.15"
backend = "aqua:sxyazi/yazi"

[tools.yazi."platforms.linux-arm64"]
checksum = "sha256:f5a85771f06bb0e8c488136ae0aedaec8d341a7cee995549df391d7d852fe8d1"
url = "https://github.com/sxyazi/yazi/releases/download/v26.8.15/yazi-aarch64-unknown-linux-gnu.zip"
url_api = "https://api.github.com/repos/sxyazi/yazi/releases/assets/515472941"

[tools.yazi."platforms.linux-arm64-musl"]
checksum = "sha256:dfaafadd3a80a18ccbd24c32be4888178202ea96f784a9b1021d526c908cab4b"
url = "https://github.com/sxyazi/yazi/releases/download/v26.8.15/yazi-aarch64-unknown-linux-musl.zip"
url_api = "https://api.github.com/repos/sxyazi/yazi/releases/assets/515472937"

[tools.yazi."platforms.linux-x64"]
checksum = "sha256:cc67eb7991550c2f9407cda52d3f5af0937627aa6884e7de99a04fcf059807e0"
url = "https://github.com/sxyazi/yazi/releases/download/v26.8.15/yazi-x86_64-unknown-linux-gnu.zip"
url_api = "https://api.github.com/repos/sxyazi/yazi/releases/assets/515472936"

[tools.yazi."platforms.linux-x64-baseline"]
checksum = "sha256:cc67eb7991550c2f9407cda52d3f5af0937627aa6884e7de99a04fcf059807e0"
url = "https://github.com/sxyazi/yazi/releases/download/v26.8.15/yazi-x86_64-unknown-linux-gnu.zip"
url_api = "https://api.github.com/repos/sxyazi/yazi/releases/assets/515472936"

[tools.yazi."platforms.linux-x64-musl"]
checksum = "sha256:a6702034790afcdbb546b73b288c9b184a751fa3f2f17f0ad4d26fc302fb8d45"
url = "https://github.com/sxyazi/yazi/releases/download/v26.8.15/yazi-x86_64-unknown-linux-musl.zip"
url_api = "https://api.github.com/repos/sxyazi/yazi/releases/assets/515472939"

[tools.yazi."platforms.linux-x64-musl-baseline"]
checksum = "sha256:a6702034790afcdbb546b73b288c9b184a751fa3f2f17f0ad4d26fc302fb8d45"
url = "https://github.com/sxyazi/yazi/releases/download/v26.8.15/yazi-x86_64-unknown-linux-musl.zip"
url_api = "https://api.github.com/repos/sxyazi/yazi/releases/assets/515472939"

[tools.yazi."platforms.macos-arm64"]
checksum = "sha256:3f54907ea08abe96506f4b22239340ed8923a6aeaeae78f33d59bce57daca4cd"
url = "https://github.com/sxyazi/yazi/releases/download/v26.8.15/yazi-aarch64-apple-darwin.zip"
url_api = "https://api.github.com/repos/sxyazi/yazi/releases/assets/515472942"

[tools.yazi."platforms.macos-x64"]
checksum = "sha256:70bb2bcf57d8af862a54e2d12f2fddceefb9aa4ba3783e9a4dcbf2a8e64aacb3"
url = "https://github.com/sxyazi/yazi/releases/download/v26.8.15/yazi-x86_64-apple-darwin.zip"
url_api = "https://api.github.com/repos/sxyazi/yazi/releases/assets/515472934"

[tools.yazi."platforms.macos-x64-baseline"]
checksum = "sha256:70bb2bcf57d8af862a54e2d12f2fddceefb9aa4ba3783e9a4dcbf2a8e64aacb3"
url = "https://github.com/sxyazi/yazi/releases/download/v26.8.15/yazi-x86_64-apple-darwin.zip"
url_api = "https://api.github.com/repos/sxyazi/yazi/releases/assets/515472934"

[tools.yazi."platforms.windows-x64"]
checksum = "sha256:451f6770999fa8f9b08e6c9f94a688c263b6d3007b0944c4407f1ae335eace30"
url = "https://github.com/sxyazi/yazi/releases/download/v26.8.15/yazi-x86_64-pc-windows-msvc.zip"
url_api = "https://api.github.com/repos/sxyazi/yazi/releases/assets/515472935"

[tools.yazi."platforms.windows-x64-baseline"]
checksum = "sha256:451f6770999fa8f9b08e6c9f94a688c263b6d3007b0944c4407f1ae335eace30"
url = "https://github.com/sxyazi/yazi/releases/download/v26.8.15/yazi-x86_64-pc-windows-msvc.zip"
url_api = "https://api.github.com/repos/sxyazi/yazi/releases/assets/515472935"
